
Microsoft Visual Studio Solution File, Format Version 12.00
Project("{FAE04EC0-301F-11D3-BF4B-00C04F79EFBC}") = "Parme.Core", "Parme.Core\Parme.Core.csproj", "{B04E60EE-46C5-42D0-B012-0C7AAA1F7635}"
EndProject
Project("{FAE04EC0-301F-11D3-BF4B-00C04F79EFBC}") = "Parme.CSharp", "Parme.CSharp\Parme.CSharp.csproj", "{13292589-3E6B-4367-A644-07282B2382AB}"
EndProject
Project("{FAE04EC0-301F-11D3-BF4B-00C04F79EFBC}") = "Parme.CSharp.Tests", "Parme.CSharp.Tests\Parme.CSharp.Tests.csproj", "{A6156FC9-88A5-4F80-966D-CF7941E8DA1B}"
EndProject
Project("{FAE04EC0-301F-11D3-BF4B-00C04F79EFBC}") = "Parme.MonoGame", "Parme.MonoGame\Parme.MonoGame.csproj", "{F53FCB69-D833-4C0E-A912-07329ACB9786}"
EndProject
Project("{FAE04EC0-301F-11D3-BF4B-00C04F79EFBC}") = "Parme.Editor", "Parme.Editor\Parme.Editor.csproj", "{837DFFA0-A11A-4952-AFFF-6A4F1D839E40}"
EndProject
Project("{2150E333-8FDC-42A3-9474-1A3956D46DE8}") = "Engine Support", "Engine Support", "{4AAC2D77-788B-471E-B603-D3F0AA1348C4}"
EndProject
Project("{2150E333-8FDC-42A3-9474-1A3956D46DE8}") = "FlatRedBall", "FlatRedBall", "{19029727-E477-4438-AE72-06AB56E95F25}"
EndProject
Project("{FAE04EC0-301F-11D3-BF4B-00C04F79EFBC}") = "Parme.Frb.Example", "Parme.Frb.Example\Parme.Frb.Example.csproj", "{557AEC75-E158-48BA-980A-32666346D792}"
EndProject
Project("{FAE04EC0-301F-11D3-BF4B-00C04F79EFBC}") = "Parme.Frb", "Parme.Frb\Parme.Frb.csproj", "{088D4ABA-2570-4B5E-B805-D974A65E9AF3}"
EndProject
Project("{FAE04EC0-301F-11D3-BF4B-00C04F79EFBC}") = "Parme.Frb.GluePlugin", "Parme.Frb.GluePlugin\Parme.Frb.GluePlugin.csproj", "{32906974-1B68-4193-BE4D-C75A613A0DF7}"
EndProject
Project("{FAE04EC0-301F-11D3-BF4B-00C04F79EFBC}") = "Parme.Core.Tests", "Parme.Core.Tests\Parme.Core.Tests.csproj", "{39B75222-A214-4372-AC84-A146E46537A9}"
EndProject
Project("{2150E333-8FDC-42A3-9474-1A3956D46DE8}") = "Scripts", "Scripts", "{62D7991D-1056-4C98-9457-1EB2C0601E28}"
ProjectSection(SolutionItems) = preProject
	build-packages.csx = build-packages.csx
EndProjectSection
EndProject
Project("{FAE04EC0-301F-11D3-BF4B-00C04F79EFBC}") = "Parme.CSharp.Benchmarks", "Parme.CSharp.Benchmarks\Parme.CSharp.Benchmarks.csproj", "{624102E4-23CD-485D-99CB-C70C05080B1C}"
EndProject
Project("{FAE04EC0-301F-11D3-BF4B-00C04F79EFBC}") = "Parme.Cli", "Parme.Cli\Parme.Cli.csproj", "{324C15D0-6A17-4AA6-A593-1DA2D714D40C}"
EndProject
Global
	GlobalSection(SolutionConfigurationPlatforms) = preSolution
		Debug|Any CPU = Debug|Any CPU
		Release|Any CPU = Release|Any CPU
	EndGlobalSection
	GlobalSection(ProjectConfigurationPlatforms) = postSolution
		{B04E60EE-46C5-42D0-B012-0C7AAA1F7635}.Debug|Any CPU.ActiveCfg = Debug|Any CPU
		{B04E60EE-46C5-42D0-B012-0C7AAA1F7635}.Debug|Any CPU.Build.0 = Debug|Any CPU
		{B04E60EE-46C5-42D0-B012-0C7AAA1F7635}.Release|Any CPU.ActiveCfg = Release|Any CPU
		{B04E60EE-46C5-42D0-B012-0C7AAA1F7635}.Release|Any CPU.Build.0 = Release|Any CPU
		{13292589-3E6B-4367-A644-07282B2382AB}.Debug|Any CPU.ActiveCfg = Debug|Any CPU
		{13292589-3E6B-4367-A644-07282B2382AB}.Debug|Any CPU.Build.0 = Debug|Any CPU
		{13292589-3E6B-4367-A644-07282B2382AB}.Release|Any CPU.ActiveCfg = Release|Any CPU
		{13292589-3E6B-4367-A644-07282B2382AB}.Release|Any CPU.Build.0 = Release|Any CPU
		{A6156FC9-88A5-4F80-966D-CF7941E8DA1B}.Debug|Any CPU.ActiveCfg = Debug|Any CPU
		{A6156FC9-88A5-4F80-966D-CF7941E8DA1B}.Debug|Any CPU.Build.0 = Debug|Any CPU
		{A6156FC9-88A5-4F80-966D-CF7941E8DA1B}.Release|Any CPU.ActiveCfg = Release|Any CPU
		{A6156FC9-88A5-4F80-966D-CF7941E8DA1B}.Release|Any CPU.Build.0 = Release|Any CPU
		{F53FCB69-D833-4C0E-A912-07329ACB9786}.Debug|Any CPU.ActiveCfg = Debug|Any CPU
		{F53FCB69-D833-4C0E-A912-07329ACB9786}.Debug|Any CPU.Build.0 = Debug|Any CPU
		{F53FCB69-D833-4C0E-A912-07329ACB9786}.Release|Any CPU.ActiveCfg = Release|Any CPU
		{F53FCB69-D833-4C0E-A912-07329ACB9786}.Release|Any CPU.Build.0 = Release|Any CPU
		{837DFFA0-A11A-4952-AFFF-6A4F1D839E40}.Debug|Any CPU.ActiveCfg = Debug|Any CPU
		{837DFFA0-A11A-4952-AFFF-6A4F1D839E40}.Debug|Any CPU.Build.0 = Debug|Any CPU
		{837DFFA0-A11A-4952-AFFF-6A4F1D839E40}.Release|Any CPU.ActiveCfg = Release|Any CPU
		{837DFFA0-A11A-4952-AFFF-6A4F1D839E40}.Release|Any CPU.Build.0 = Release|Any CPU
		{557AEC75-E158-48BA-980A-32666346D792}.Debug|Any CPU.ActiveCfg = Debug|x86
		{557AEC75-E158-48BA-980A-32666346D792}.Debug|Any CPU.Build.0 = Debug|x86
		{557AEC75-E158-48BA-980A-32666346D792}.Release|Any CPU.ActiveCfg = Release|x86
		{557AEC75-E158-48BA-980A-32666346D792}.Release|Any CPU.Build.0 = Release|x86
		{088D4ABA-2570-4B5E-B805-D974A65E9AF3}.Debug|Any CPU.ActiveCfg = Debug|Any CPU
		{088D4ABA-2570-4B5E-B805-D974A65E9AF3}.Debug|Any CPU.Build.0 = Debug|Any CPU
		{088D4ABA-2570-4B5E-B805-D974A65E9AF3}.Release|Any CPU.ActiveCfg = Release|Any CPU
		{088D4ABA-2570-4B5E-B805-D974A65E9AF3}.Release|Any CPU.Build.0 = Release|Any CPU
		{32906974-1B68-4193-BE4D-C75A613A0DF7}.Debug|Any CPU.ActiveCfg = Debug|Any CPU
		{32906974-1B68-4193-BE4D-C75A613A0DF7}.Debug|Any CPU.Build.0 = Debug|Any CPU
		{32906974-1B68-4193-BE4D-C75A613A0DF7}.Release|Any CPU.ActiveCfg = Release|Any CPU
		{32906974-1B68-4193-BE4D-C75A613A0DF7}.Release|Any CPU.Build.0 = Release|Any CPU
		{39B75222-A214-4372-AC84-A146E46537A9}.Debug|Any CPU.ActiveCfg = Debug|Any CPU
		{39B75222-A214-4372-AC84-A146E46537A9}.Debug|Any CPU.Build.0 = Debug|Any CPU
		{39B75222-A214-4372-AC84-A146E46537A9}.Release|Any CPU.ActiveCfg = Release|Any CPU
		{39B75222-A214-4372-AC84-A146E46537A9}.Release|Any CPU.Build.0 = Release|Any CPU
		{624102E4-23CD-485D-99CB-C70C05080B1C}.Debug|Any CPU.ActiveCfg = Debug|Any CPU
		{624102E4-23CD-485D-99CB-C70C05080B1C}.Debug|Any CPU.Build.0 = Debug|Any CPU
		{624102E4-23CD-485D-99CB-C70C05080B1C}.Release|Any CPU.ActiveCfg = Release|Any CPU
		{624102E4-23CD-485D-99CB-C70C05080B1C}.Release|Any CPU.Build.0 = Release|Any CPU
		{324C15D0-6A17-4AA6-A593-1DA2D714D40C}.Debug|Any CPU.ActiveCfg = Debug|Any CPU
		{324C15D0-6A17-4AA6-A593-1DA2D714D40C}.Debug|Any CPU.Build.0 = Debug|Any CPU
		{324C15D0-6A17-4AA6-A593-1DA2D714D40C}.Release|Any CPU.ActiveCfg = Release|Any CPU
		{324C15D0-6A17-4AA6-A593-1DA2D714D40C}.Release|Any CPU.Build.0 = Release|Any CPU
	EndGlobalSection
	GlobalSection(NestedProjects) = preSolution
		{F53FCB69-D833-4C0E-A912-07329ACB9786} = {4AAC2D77-788B-471E-B603-D3F0AA1348C4}
		{19029727-E477-4438-AE72-06AB56E95F25} = {4AAC2D77-788B-471E-B603-D3F0AA1348C4}
		{557AEC75-E158-48BA-980A-32666346D792} = {19029727-E477-4438-AE72-06AB56E95F25}
		{088D4ABA-2570-4B5E-B805-D974A65E9AF3} = {19029727-E477-4438-AE72-06AB56E95F25}
		{32906974-1B68-4193-BE4D-C75A613A0DF7} = {19029727-E477-4438-AE72-06AB56E95F25}
	EndGlobalSection
EndGlobal
